// !$*UTF8*$!
{
	archiveVersion = 1;
	classes = {
	};
	objectVersion = 46;
	objects = {

/* Begin PBXBuildFile section */
		B43B84481CD80D1F006623E9 /* ofxAudioUnitChain.cpp in Sources */ = {isa = PBXBuildFile; fileRef = B43B84331CD80D1F006623E9 /* ofxAudioUnitChain.cpp */; };
		B43B84491CD80D1F006623E9 /* ofxManagedAudioUnit.cpp in Sources */ = {isa = PBXBuildFile; fileRef = B43B84351CD80D1F006623E9 /* ofxManagedAudioUnit.cpp */; };
		B43B844A1CD80D1F006623E9 /* ofxManagedAudioUnitMixer.cpp in Sources */ = {isa = PBXBuildFile; fileRef = B43B84371CD80D1F006623E9 /* ofxManagedAudioUnitMixer.cpp */; };
		B43B844B1CD80D1F006623E9 /* MidiHandler.cpp in Sources */ = {isa = PBXBuildFile; fileRef = B43B843A1CD80D1F006623E9 /* MidiHandler.cpp */; };
		B43B844C1CD80D1F006623E9 /* PresetsHandler.cpp in Sources */ = {isa = PBXBuildFile; fileRef = B43B843C1CD80D1F006623E9 /* PresetsHandler.cpp */; };
		B43B844D1CD80D1F006623E9 /* UIHandler.cpp in Sources */ = {isa = PBXBuildFile; fileRef = B43B843E1CD80D1F006623E9 /* UIHandler.cpp */; };
		B43B844E1CD80D1F006623E9 /* ofxAudioUnitManager.cpp in Sources */ = {isa = PBXBuildFile; fileRef = B43B84401CD80D1F006623E9 /* ofxAudioUnitManager.cpp */; };
		B43B844F1CD80D1F006623E9 /* ofxAudioUnitManagerUtils.cpp in Sources */ = {isa = PBXBuildFile; fileRef = B43B84421CD80D1F006623E9 /* ofxAudioUnitManagerUtils.cpp */; };
		B4AE0D331C7BB4C200EB2D59 /* ofxRtMidiIn.cpp in Sources */ = {isa = PBXBuildFile; fileRef = B4AE0D081C7BB4C200EB2D59 /* ofxRtMidiIn.cpp */; };
		B4AE0D341C7BB4C200EB2D59 /* ofxRtMidiOut.cpp in Sources */ = {isa = PBXBuildFile; fileRef = B4AE0D0A1C7BB4C200EB2D59 /* ofxRtMidiOut.cpp */; };
		B4AE0D351C7BB4C200EB2D59 /* ofxBaseMidi.cpp in Sources */ = {isa = PBXBuildFile; fileRef = B4AE0D171C7BB4C200EB2D59 /* ofxBaseMidi.cpp */; };
		B4AE0D361C7BB4C200EB2D59 /* ofxMidi.cpp in Sources */ = {isa = PBXBuildFile; fileRef = B4AE0D191C7BB4C200EB2D59 /* ofxMidi.cpp */; };
		B4AE0D371C7BB4C200EB2D59 /* ofxMidiIn.cpp in Sources */ = {isa = PBXBuildFile; fileRef = B4AE0D1C1C7BB4C200EB2D59 /* ofxMidiIn.cpp */; };
		B4AE0D381C7BB4C200EB2D59 /* ofxMidiMessage.cpp in Sources */ = {isa = PBXBuildFile; fileRef = B4AE0D1E1C7BB4C200EB2D59 /* ofxMidiMessage.cpp */; };
		B4AE0D391C7BB4C200EB2D59 /* ofxMidiOut.cpp in Sources */ = {isa = PBXBuildFile; fileRef = B4AE0D201C7BB4C200EB2D59 /* ofxMidiOut.cpp */; };
		B4AE0D3A1C7BB4C200EB2D59 /* RtMidi.cpp in Sources */ = {isa = PBXBuildFile; fileRef = B4AE0D301C7BB4C200EB2D59 /* RtMidi.cpp */; };
		B4AE0D3B1C7BB4C200EB2D59 /* CoreMIDI.framework in Frameworks */ = {isa = PBXBuildFile; fileRef = B4AE0D321C7BB4C200EB2D59 /* CoreMIDI.framework */; };
		B4AE0D6F1C7BB4CA00EB2D59 /* AUParamInfo.cpp in Sources */ = {isa = PBXBuildFile; fileRef = B4AE0D3F1C7BB4CA00EB2D59 /* AUParamInfo.cpp */; };
		B4AE0D701C7BB4CA00EB2D59 /* CAAUParameter.cpp in Sources */ = {isa = PBXBuildFile; fileRef = B4AE0D411C7BB4CA00EB2D59 /* CAAUParameter.cpp */; };
		B4AE0D711C7BB4CA00EB2D59 /* CADebugMacros.cpp in Sources */ = {isa = PBXBuildFile; fileRef = B4AE0D431C7BB4CA00EB2D59 /* CADebugMacros.cpp */; };
		B4AE0D721C7BB4CA00EB2D59 /* ofxAudioUnit.cpp in Sources */ = {isa = PBXBuildFile; fileRef = B4AE0D461C7BB4CA00EB2D59 /* ofxAudioUnit.cpp */; };
		B4AE0D731C7BB4CA00EB2D59 /* ofxAudioUnitCocoaUtilties.mm in Sources */ = {isa = PBXBuildFile; fileRef = B4AE0D491C7BB4CA00EB2D59 /* ofxAudioUnitCocoaUtilties.mm */; };
		B4AE0D741C7BB4CA00EB2D59 /* ofxAudioUnitDSPNode.cpp in Sources */ = {isa = PBXBuildFile; fileRef = B4AE0D4A1C7BB4CA00EB2D59 /* ofxAudioUnitDSPNode.cpp */; };
		B4AE0D751C7BB4CA00EB2D59 /* ofxAudioUnitFftNode.cpp in Sources */ = {isa = PBXBuildFile; fileRef = B4AE0D4C1C7BB4CA00EB2D59 /* ofxAudioUnitFftNode.cpp */; };
		B4AE0D761C7BB4CA00EB2D59 /* ofxAudioUnitFilePlayer.cpp in Sources */ = {isa = PBXBuildFile; fileRef = B4AE0D4E1C7BB4CA00EB2D59 /* ofxAudioUnitFilePlayer.cpp */; };
		B4AE0D771C7BB4CA00EB2D59 /* ofxAudioUnitHardwareUtils.cpp in Sources */ = {isa = PBXBuildFile; fileRef = B4AE0D501C7BB4CA00EB2D59 /* ofxAudioUnitHardwareUtils.cpp */; };
		B4AE0D781C7BB4CA00EB2D59 /* ofxAudioUnitInput.cpp in Sources */ = {isa = PBXBuildFile; fileRef = B4AE0D521C7BB4CA00EB2D59 /* ofxAudioUnitInput.cpp */; };
		B4AE0D791C7BB4CA00EB2D59 /* ofxAudioUnitMatrixMixer.cpp in Sources */ = {isa = PBXBuildFile; fileRef = B4AE0D541C7BB4CA00EB2D59 /* ofxAudioUnitMatrixMixer.cpp */; };
		B4AE0D7A1C7BB4CA00EB2D59 /* ofxAudioUnitMidi.cpp in Sources */ = {isa = PBXBuildFile; fileRef = B4AE0D561C7BB4CA00EB2D59 /* ofxAudioUnitMidi.cpp */; };
		B4AE0D7B1C7BB4CA00EB2D59 /* ofxAudioUnitMixer.cpp in Sources */ = {isa = PBXBuildFile; fileRef = B4AE0D581C7BB4CA00EB2D59 /* ofxAudioUnitMixer.cpp */; };
		B4AE0D7C1C7BB4CA00EB2D59 /* ofxAudioUnitNetReceive.cpp in Sources */ = {isa = PBXBuildFile; fileRef = B4AE0D5A1C7BB4CA00EB2D59 /* ofxAudioUnitNetReceive.cpp */; };
		B4AE0D7D1C7BB4CA00EB2D59 /* ofxAudioUnitNetSend.cpp in Sources */ = {isa = PBXBuildFile; fileRef = B4AE0D5C1C7BB4CA00EB2D59 /* ofxAudioUnitNetSend.cpp */; };
		B4AE0D7E1C7BB4CA00EB2D59 /* ofxAudioUnitOutput.cpp in Sources */ = {isa = PBXBuildFile; fileRef = B4AE0D5E1C7BB4CA00EB2D59 /* ofxAudioUnitOutput.cpp */; };
		B4AE0D7F1C7BB4CA00EB2D59 /* ofxAudioUnitRecorder.cpp in Sources */ = {isa = PBXBuildFile; fileRef = B4AE0D601C7BB4CA00EB2D59 /* ofxAudioUnitRecorder.cpp */; };
		B4AE0D801C7BB4CA00EB2D59 /* ofxAudioUnitSampler.cpp in Sources */ = {isa = PBXBuildFile; fileRef = B4AE0D621C7BB4CA00EB2D59 /* ofxAudioUnitSampler.cpp */; };
		B4AE0D811C7BB4CA00EB2D59 /* ofxAudioUnitSpeechSynth.cpp in Sources */ = {isa = PBXBuildFile; fileRef = B4AE0D641C7BB4CA00EB2D59 /* ofxAudioUnitSpeechSynth.cpp */; };
		B4AE0D821C7BB4CA00EB2D59 /* ofxAudioUnitTap.cpp in Sources */ = {isa = PBXBuildFile; fileRef = B4AE0D661C7BB4CA00EB2D59 /* ofxAudioUnitTap.cpp */; };
		B4AE0D831C7BB4CA00EB2D59 /* TPCircularBuffer.c in Sources */ = {isa = PBXBuildFile; fileRef = B4AE0D6A1C7BB4CA00EB2D59 /* TPCircularBuffer.c */; };
		B4AE0D841C7BB4CA00EB2D59 /* CoreMIDI.framework in Frameworks */ = {isa = PBXBuildFile; fileRef = B4AE0D6C1C7BB4CA00EB2D59 /* CoreMIDI.framework */; };
		B4AE0D851C7BB4CA00EB2D59 /* CoreAudioKit.framework in Frameworks */ = {isa = PBXBuildFile; fileRef = B4AE0D6D1C7BB4CA00EB2D59 /* CoreAudioKit.framework */; };
		B4AE0D861C7BB4CA00EB2D59 /* AudioUnit.framework in Frameworks */ = {isa = PBXBuildFile; fileRef = B4AE0D6E1C7BB4CA00EB2D59 /* AudioUnit.framework */; };
		B4AE0DA81C7BB4D200EB2D59 /* ofxBpm.cpp in Sources */ = {isa = PBXBuildFile; fileRef = B4AE0DA61C7BB4D200EB2D59 /* ofxBpm.cpp */; };
		E4328149138ABC9F0047C5CB /* openFrameworksDebug.a in Frameworks */ = {isa = PBXBuildFile; fileRef = E4328148138ABC890047C5CB /* openFrameworksDebug.a */; };
		E4B69E200A3A1BDC003C02F2 /* main.cpp in Sources */ = {isa = PBXBuildFile; fileRef = E4B69E1D0A3A1BDC003C02F2 /* main.cpp */; };
		E4B69E210A3A1BDC003C02F2 /* ofApp.cpp in Sources */ = {isa = PBXBuildFile; fileRef = E4B69E1E0A3A1BDC003C02F2 /* ofApp.cpp */; };
/* End PBXBuildFile section */

/* Begin PBXContainerItemProxy section */
		E4328147138ABC890047C5CB /* PBXContainerItemProxy */ = {
			isa = PBXContainerItemProxy;
			containerPortal = E4328143138ABC890047C5CB /* openFrameworksLib.xcodeproj */;
			proxyType = 2;
			remoteGlobalIDString = E4B27C1510CBEB8E00536013;
			remoteInfo = openFrameworks;
		};
		E4EEB9AB138B136A00A80321 /* PBXContainerItemProxy */ = {
			isa = PBXContainerItemProxy;
			containerPortal = E4328143138ABC890047C5CB /* openFrameworksLib.xcodeproj */;
			proxyType = 1;
			remoteGlobalIDString = E4B27C1410CBEB8E00536013;
			remoteInfo = openFrameworks;
		};
/* End PBXContainerItemProxy section */

/* Begin PBXCopyFilesBuildPhase section */
		E4C2427710CC5ABF004149E2 /* CopyFiles */ = {
			isa = PBXCopyFilesBuildPhase;
			buildActionMask = 2147483647;
			dstPath = "";
			dstSubfolderSpec = 10;
			files = (
			);
			runOnlyForDeploymentPostprocessing = 0;
		};
/* End PBXCopyFilesBuildPhase section */

/* Begin PBXFileReference section */
		B43B84331CD80D1F006623E9 /* ofxAudioUnitChain.cpp */ = {isa = PBXFileReference; lastKnownFileType = sourcecode.cpp.cpp; path = ofxAudioUnitChain.cpp; sourceTree = "<group>"; };
		B43B84341CD80D1F006623E9 /* ofxAudioUnitChain.h */ = {isa = PBXFileReference; lastKnownFileType = sourcecode.c.h; path = ofxAudioUnitChain.h; sourceTree = "<group>"; };
		B43B84351CD80D1F006623E9 /* ofxManagedAudioUnit.cpp */ = {isa = PBXFileReference; lastKnownFileType = sourcecode.cpp.cpp; path = ofxManagedAudioUnit.cpp; sourceTree = "<group>"; };
		B43B84361CD80D1F006623E9 /* ofxManagedAudioUnit.h */ = {isa = PBXFileReference; lastKnownFileType = sourcecode.c.h; path = ofxManagedAudioUnit.h; sourceTree = "<group>"; };
		B43B84371CD80D1F006623E9 /* ofxManagedAudioUnitMixer.cpp */ = {isa = PBXFileReference; lastKnownFileType = sourcecode.cpp.cpp; path = ofxManagedAudioUnitMixer.cpp; sourceTree = "<group>"; };
		B43B84381CD80D1F006623E9 /* ofxManagedAudioUnitMixer.h */ = {isa = PBXFileReference; lastKnownFileType = sourcecode.c.h; path = ofxManagedAudioUnitMixer.h; sourceTree = "<group>"; };
		B43B843A1CD80D1F006623E9 /* MidiHandler.cpp */ = {isa = PBXFileReference; lastKnownFileType = sourcecode.cpp.cpp; path = MidiHandler.cpp; sourceTree = "<group>"; };
		B43B843B1CD80D1F006623E9 /* MidiHandler.h */ = {isa = PBXFileReference; lastKnownFileType = sourcecode.c.h; path = MidiHandler.h; sourceTree = "<group>"; };
		B43B843C1CD80D1F006623E9 /* PresetsHandler.cpp */ = {isa = PBXFileReference; lastKnownFileType = sourcecode.cpp.cpp; path = PresetsHandler.cpp; sourceTree = "<group>"; };
		B43B843D1CD80D1F006623E9 /* PresetsHandler.h */ = {isa = PBXFileReference; lastKnownFileType = sourcecode.c.h; path = PresetsHandler.h; sourceTree = "<group>"; };
		B43B843E1CD80D1F006623E9 /* UIHandler.cpp */ = {isa = PBXFileReference; lastKnownFileType = sourcecode.cpp.cpp; path = UIHandler.cpp; sourceTree = "<group>"; };
		B43B843F1CD80D1F006623E9 /* UIHandler.h */ = {isa = PBXFileReference; lastKnownFileType = sourcecode.c.h; path = UIHandler.h; sourceTree = "<group>"; };
		B43B84401CD80D1F006623E9 /* ofxAudioUnitManager.cpp */ = {isa = PBXFileReference; lastKnownFileType = sourcecode.cpp.cpp; path = ofxAudioUnitManager.cpp; sourceTree = "<group>"; };
		B43B84411CD80D1F006623E9 /* ofxAudioUnitManager.h */ = {isa = PBXFileReference; lastKnownFileType = sourcecode.c.h; path = ofxAudioUnitManager.h; sourceTree = "<group>"; };
		B43B84421CD80D1F006623E9 /* ofxAudioUnitManagerUtils.cpp */ = {isa = PBXFileReference; lastKnownFileType = sourcecode.cpp.cpp; path = ofxAudioUnitManagerUtils.cpp; sourceTree = "<group>"; };
		B43B84431CD80D1F006623E9 /* ofxAudioUnitManagerUtils.h */ = {isa = PBXFileReference; lastKnownFileType = sourcecode.c.h; path = ofxAudioUnitManagerUtils.h; sourceTree = "<group>"; };
		B43B84451CD80D1F006623E9 /* Massive_Params.h */ = {isa = PBXFileReference; lastKnownFileType = sourcecode.c.h; path = Massive_Params.h; sourceTree = "<group>"; };
		B43B84461CD80D1F006623E9 /* ofxAudioUnitParams.h */ = {isa = PBXFileReference; lastKnownFileType = sourcecode.c.h; path = ofxAudioUnitParams.h; sourceTree = "<group>"; };
		B43B84471CD80D1F006623E9 /* TALNoiseMaker_Params.h */ = {isa = PBXFileReference; lastKnownFileType = sourcecode.c.h; path = TALNoiseMaker_Params.h; sourceTree = "<group>"; };
		B4AE0D081C7BB4C200EB2D59 /* ofxRtMidiIn.cpp */ = {isa = PBXFileReference; lastKnownFileType = sourcecode.cpp.cpp; path = ofxRtMidiIn.cpp; sourceTree = "<group>"; };
		B4AE0D091C7BB4C200EB2D59 /* ofxRtMidiIn.h */ = {isa = PBXFileReference; lastKnownFileType = sourcecode.c.h; path = ofxRtMidiIn.h; sourceTree = "<group>"; };
		B4AE0D0A1C7BB4C200EB2D59 /* ofxRtMidiOut.cpp */ = {isa = PBXFileReference; lastKnownFileType = sourcecode.cpp.cpp; path = ofxRtMidiOut.cpp; sourceTree = "<group>"; };
		B4AE0D0B1C7BB4C200EB2D59 /* ofxRtMidiOut.h */ = {isa = PBXFileReference; lastKnownFileType = sourcecode.c.h; path = ofxRtMidiOut.h; sourceTree = "<group>"; };
		B4AE0D171C7BB4C200EB2D59 /* ofxBaseMidi.cpp */ = {isa = PBXFileReference; lastKnownFileType = sourcecode.cpp.cpp; path = ofxBaseMidi.cpp; sourceTree = "<group>"; };
		B4AE0D181C7BB4C200EB2D59 /* ofxBaseMidi.h */ = {isa = PBXFileReference; lastKnownFileType = sourcecode.c.h; path = ofxBaseMidi.h; sourceTree = "<group>"; };
		B4AE0D191C7BB4C200EB2D59 /* ofxMidi.cpp */ = {isa = PBXFileReference; lastKnownFileType = sourcecode.cpp.cpp; path = ofxMidi.cpp; sourceTree = "<group>"; };
		B4AE0D1A1C7BB4C200EB2D59 /* ofxMidi.h */ = {isa = PBXFileReference; lastKnownFileType = sourcecode.c.h; path = ofxMidi.h; sourceTree = "<group>"; };
		B4AE0D1B1C7BB4C200EB2D59 /* ofxMidiConstants.h */ = {isa = PBXFileReference; lastKnownFileType = sourcecode.c.h; path = ofxMidiConstants.h; sourceTree = "<group>"; };
		B4AE0D1C1C7BB4C200EB2D59 /* ofxMidiIn.cpp */ = {isa = PBXFileReference; lastKnownFileType = sourcecode.cpp.cpp; path = ofxMidiIn.cpp; sourceTree = "<group>"; };
		B4AE0D1D1C7BB4C200EB2D59 /* ofxMidiIn.h */ = {isa = PBXFileReference; lastKnownFileType = sourcecode.c.h; path = ofxMidiIn.h; sourceTree = "<group>"; };
		B4AE0D1E1C7BB4C200EB2D59 /* ofxMidiMessage.cpp */ = {isa = PBXFileReference; lastKnownFileType = sourcecode.cpp.cpp; path = ofxMidiMessage.cpp; sourceTree = "<group>"; };
		B4AE0D1F1C7BB4C200EB2D59 /* ofxMidiMessage.h */ = {isa = PBXFileReference; lastKnownFileType = sourcecode.c.h; path = ofxMidiMessage.h; sourceTree = "<group>"; };
		B4AE0D201C7BB4C200EB2D59 /* ofxMidiOut.cpp */ = {isa = PBXFileReference; lastKnownFileType = sourcecode.cpp.cpp; path = ofxMidiOut.cpp; sourceTree = "<group>"; };
		B4AE0D211C7BB4C200EB2D59 /* ofxMidiOut.h */ = {isa = PBXFileReference; lastKnownFileType = sourcecode.c.h; path = ofxMidiOut.h; sourceTree = "<group>"; };
		B4AE0D221C7BB4C200EB2D59 /* ofxMidiTypes.h */ = {isa = PBXFileReference; lastKnownFileType = sourcecode.c.h; path = ofxMidiTypes.h; sourceTree = "<group>"; };
		B4AE0D2F1C7BB4C200EB2D59 /* readme */ = {isa = PBXFileReference; lastKnownFileType = text; path = readme; sourceTree = "<group>"; };
		B4AE0D301C7BB4C200EB2D59 /* RtMidi.cpp */ = {isa = PBXFileReference; lastKnownFileType = sourcecode.cpp.cpp; path = RtMidi.cpp; sourceTree = "<group>"; };
		B4AE0D311C7BB4C200EB2D59 /* RtMidi.h */ = {isa = PBXFileReference; lastKnownFileType = sourcecode.c.h; path = RtMidi.h; sourceTree = "<group>"; };
		B4AE0D321C7BB4C200EB2D59 /* CoreMIDI.framework */ = {isa = PBXFileReference; lastKnownFileType = wrapper.framework; name = CoreMIDI.framework; path = ../../../../../../../../System/Library/Frameworks/CoreMIDI.framework; sourceTree = "<group>"; };
		B4AE0D3F1C7BB4CA00EB2D59 /* AUParamInfo.cpp */ = {isa = PBXFileReference; lastKnownFileType = sourcecode.cpp.cpp; path = AUParamInfo.cpp; sourceTree = "<group>"; };
		B4AE0D401C7BB4CA00EB2D59 /* AUParamInfo.h */ = {isa = PBXFileReference; lastKnownFileType = sourcecode.c.h; path = AUParamInfo.h; sourceTree = "<group>"; };
		B4AE0D411C7BB4CA00EB2D59 /* CAAUParameter.cpp */ = {isa = PBXFileReference; lastKnownFileType = sourcecode.cpp.cpp; path = CAAUParameter.cpp; sourceTree = "<group>"; };
		B4AE0D421C7BB4CA00EB2D59 /* CAAUParameter.h */ = {isa = PBXFileReference; lastKnownFileType = sourcecode.c.h; path = CAAUParameter.h; sourceTree = "<group>"; };
		B4AE0D431C7BB4CA00EB2D59 /* CADebugMacros.cpp */ = {isa = PBXFileReference; lastKnownFileType = sourcecode.cpp.cpp; path = CADebugMacros.cpp; sourceTree = "<group>"; };
		B4AE0D441C7BB4CA00EB2D59 /* CADebugMacros.h */ = {isa = PBXFileReference; lastKnownFileType = sourcecode.c.h; path = CADebugMacros.h; sourceTree = "<group>"; };
		B4AE0D451C7BB4CA00EB2D59 /* CAXException.h */ = {isa = PBXFileReference; lastKnownFileType = sourcecode.c.h; path = CAXException.h; sourceTree = "<group>"; };
		B4AE0D461C7BB4CA00EB2D59 /* ofxAudioUnit.cpp */ = {isa = PBXFileReference; lastKnownFileType = sourcecode.cpp.cpp; path = ofxAudioUnit.cpp; sourceTree = "<group>"; };
		B4AE0D471C7BB4CA00EB2D59 /* ofxAudioUnit.h */ = {isa = PBXFileReference; lastKnownFileType = sourcecode.c.h; path = ofxAudioUnit.h; sourceTree = "<group>"; };
		B4AE0D481C7BB4CA00EB2D59 /* ofxAudioUnitBase.h */ = {isa = PBXFileReference; lastKnownFileType = sourcecode.c.h; path = ofxAudioUnitBase.h; sourceTree = "<group>"; };
		B4AE0D491C7BB4CA00EB2D59 /* ofxAudioUnitCocoaUtilties.mm */ = {isa = PBXFileReference; lastKnownFileType = sourcecode.cpp.objcpp; path = ofxAudioUnitCocoaUtilties.mm; sourceTree = "<group>"; };
		B4AE0D4A1C7BB4CA00EB2D59 /* ofxAudioUnitDSPNode.cpp */ = {isa = PBXFileReference; lastKnownFileType = sourcecode.cpp.cpp; path = ofxAudioUnitDSPNode.cpp; sourceTree = "<group>"; };
		B4AE0D4B1C7BB4CA00EB2D59 /* ofxAudioUnitDSPNode.h */ = {isa = PBXFileReference; lastKnownFileType = sourcecode.c.h; path = ofxAudioUnitDSPNode.h; sourceTree = "<group>"; };
		B4AE0D4C1C7BB4CA00EB2D59 /* ofxAudioUnitFftNode.cpp */ = {isa = PBXFileReference; lastKnownFileType = sourcecode.cpp.cpp; path = ofxAudioUnitFftNode.cpp; sourceTree = "<group>"; };
		B4AE0D4D1C7BB4CA00EB2D59 /* ofxAudioUnitFftNode.h */ = {isa = PBXFileReference; lastKnownFileType = sourcecode.c.h; path = ofxAudioUnitFftNode.h; sourceTree = "<group>"; };
		B4AE0D4E1C7BB4CA00EB2D59 /* ofxAudioUnitFilePlayer.cpp */ = {isa = PBXFileReference; lastKnownFileType = sourcecode.cpp.cpp; path = ofxAudioUnitFilePlayer.cpp; sourceTree = "<group>"; };
		B4AE0D4F1C7BB4CA00EB2D59 /* ofxAudioUnitFilePlayer.h */ = {isa = PBXFileReference; lastKnownFileType = sourcecode.c.h; path = ofxAudioUnitFilePlayer.h; sourceTree = "<group>"; };
		B4AE0D501C7BB4CA00EB2D59 /* ofxAudioUnitHardwareUtils.cpp */ = {isa = PBXFileReference; lastKnownFileType = sourcecode.cpp.cpp; path = ofxAudioUnitHardwareUtils.cpp; sourceTree = "<group>"; };
		B4AE0D511C7BB4CA00EB2D59 /* ofxAudioUnitHardwareUtils.h */ = {isa = PBXFileReference; lastKnownFileType = sourcecode.c.h; path = ofxAudioUnitHardwareUtils.h; sourceTree = "<group>"; };
		B4AE0D521C7BB4CA00EB2D59 /* ofxAudioUnitInput.cpp */ = {isa = PBXFileReference; lastKnownFileType = sourcecode.cpp.cpp; path = ofxAudioUnitInput.cpp; sourceTree = "<group>"; };
		B4AE0D531C7BB4CA00EB2D59 /* ofxAudioUnitInput.h */ = {isa = PBXFileReference; lastKnownFileType = sourcecode.c.h; path = ofxAudioUnitInput.h; sourceTree = "<group>"; };
		B4AE0D541C7BB4CA00EB2D59 /* ofxAudioUnitMatrixMixer.cpp */ = {isa = PBXFileReference; lastKnownFileType = sourcecode.cpp.cpp; path = ofxAudioUnitMatrixMixer.cpp; sourceTree = "<group>"; };
		B4AE0D551C7BB4CA00EB2D59 /* ofxAudioUnitMatrixMixer.h */ = {isa = PBXFileReference; lastKnownFileType = sourcecode.c.h; path = ofxAudioUnitMatrixMixer.h; sourceTree = "<group>"; };
		B4AE0D561C7BB4CA00EB2D59 /* ofxAudioUnitMidi.cpp */ = {isa = PBXFileReference; lastKnownFileType = sourcecode.cpp.cpp; path = ofxAudioUnitMidi.cpp; sourceTree = "<group>"; };
		B4AE0D571C7BB4CA00EB2D59 /* ofxAudioUnitMidi.h */ = {isa = PBXFileReference; lastKnownFileType = sourcecode.c.h; path = ofxAudioUnitMidi.h; sourceTree = "<group>"; };
		B4AE0D581C7BB4CA00EB2D59 /* ofxAudioUnitMixer.cpp */ = {isa = PBXFileReference; lastKnownFileType = sourcecode.cpp.cpp; path = ofxAudioUnitMixer.cpp; sourceTree = "<group>"; };
		B4AE0D591C7BB4CA00EB2D59 /* ofxAudioUnitMixer.h */ = {isa = PBXFileReference; lastKnownFileType = sourcecode.c.h; path = ofxAudioUnitMixer.h; sourceTree = "<group>"; };
		B4AE0D5A1C7BB4CA00EB2D59 /* ofxAudioUnitNetReceive.cpp */ = {isa = PBXFileReference; lastKnownFileType = sourcecode.cpp.cpp; path = ofxAudioUnitNetReceive.cpp; sourceTree = "<group>"; };
		B4AE0D5B1C7BB4CA00EB2D59 /* ofxAudioUnitNetReceive.h */ = {isa = PBXFileReference; lastKnownFileType = sourcecode.c.h; path = ofxAudioUnitNetReceive.h; sourceTree = "<group>"; };
		B4AE0D5C1C7BB4CA00EB2D59 /* ofxAudioUnitNetSend.cpp */ = {isa = PBXFileReference; lastKnownFileType = sourcecode.cpp.cpp; path = ofxAudioUnitNetSend.cpp; sourceTree = "<group>"; };
		B4AE0D5D1C7BB4CA00EB2D59 /* ofxAudioUnitNetSend.h */ = {isa = PBXFileReference; lastKnownFileType = sourcecode.c.h; path = ofxAudioUnitNetSend.h; sourceTree = "<group>"; };
		B4AE0D5E1C7BB4CA00EB2D59 /* ofxAudioUnitOutput.cpp */ = {isa = PBXFileReference; lastKnownFileType = sourcecode.cpp.cpp; path = ofxAudioUnitOutput.cpp; sourceTree = "<group>"; };
		B4AE0D5F1C7BB4CA00EB2D59 /* ofxAudioUnitOutput.h */ = {isa = PBXFileReference; lastKnownFileType = sourcecode.c.h; path = ofxAudioUnitOutput.h; sourceTree = "<group>"; };
		B4AE0D601C7BB4CA00EB2D59 /* ofxAudioUnitRecorder.cpp */ = {isa = PBXFileReference; lastKnownFileType = sourcecode.cpp.cpp; path = ofxAudioUnitRecorder.cpp; sourceTree = "<group>"; };
		B4AE0D611C7BB4CA00EB2D59 /* ofxAudioUnitRecorder.h */ = {isa = PBXFileReference; lastKnownFileType = sourcecode.c.h; path = ofxAudioUnitRecorder.h; sourceTree = "<group>"; };
		B4AE0D621C7BB4CA00EB2D59 /* ofxAudioUnitSampler.cpp */ = {isa = PBXFileReference; lastKnownFileType = sourcecode.cpp.cpp; path = ofxAudioUnitSampler.cpp; sourceTree = "<group>"; };
		B4AE0D631C7BB4CA00EB2D59 /* ofxAudioUnitSampler.h */ = {isa = PBXFileReference; lastKnownFileType = sourcecode.c.h; path = ofxAudioUnitSampler.h; sourceTree = "<group>"; };
		B4AE0D641C7BB4CA00EB2D59 /* ofxAudioUnitSpeechSynth.cpp */ = {isa = PBXFileReference; lastKnownFileType = sourcecode.cpp.cpp; path = ofxAudioUnitSpeechSynth.cpp; sourceTree = "<group>"; };
		B4AE0D651C7BB4CA00EB2D59 /* ofxAudioUnitSpeechSynth.h */ = {isa = PBXFileReference; lastKnownFileType = sourcecode.c.h; path = ofxAudioUnitSpeechSynth.h; sourceTree = "<group>"; };
		B4AE0D661C7BB4CA00EB2D59 /* ofxAudioUnitTap.cpp */ = {isa = PBXFileReference; lastKnownFileType = sourcecode.cpp.cpp; path = ofxAudioUnitTap.cpp; sourceTree = "<group>"; };
		B4AE0D671C7BB4CA00EB2D59 /* ofxAudioUnitTap.h */ = {isa = PBXFileReference; lastKnownFileType = sourcecode.c.h; path = ofxAudioUnitTap.h; sourceTree = "<group>"; };
		B4AE0D681C7BB4CA00EB2D59 /* ofxAudioUnitUtils.h */ = {isa = PBXFileReference; lastKnownFileType = sourcecode.c.h; path = ofxAudioUnitUtils.h; sourceTree = "<group>"; };
		B4AE0D6A1C7BB4CA00EB2D59 /* TPCircularBuffer.c */ = {isa = PBXFileReference; lastKnownFileType = sourcecode.c.c; path = TPCircularBuffer.c; sourceTree = "<group>"; };
		B4AE0D6B1C7BB4CA00EB2D59 /* TPCircularBuffer.h */ = {isa = PBXFileReference; lastKnownFileType = sourcecode.c.h; path = TPCircularBuffer.h; sourceTree = "<group>"; };
		B4AE0D6C1C7BB4CA00EB2D59 /* CoreMIDI.framework */ = {isa = PBXFileReference; lastKnownFileType = wrapper.framework; name = CoreMIDI.framework; path = ../../../../../../../../System/Library/Frameworks/CoreMIDI.framework; sourceTree = "<group>"; };
		B4AE0D6D1C7BB4CA00EB2D59 /* CoreAudioKit.framework */ = {isa = PBXFileReference; lastKnownFileType = wrapper.framework; name = CoreAudioKit.framework; path = ../../../../../../../../System/Library/Frameworks/CoreAudioKit.framework; sourceTree = "<group>"; };
		B4AE0D6E1C7BB4CA00EB2D59 /* AudioUnit.framework */ = {isa = PBXFileReference; lastKnownFileType = wrapper.framework; name = AudioUnit.framework; path = ../../../../../../../../System/Library/Frameworks/AudioUnit.framework; sourceTree = "<group>"; };
		B4AE0DA61C7BB4D200EB2D59 /* ofxBpm.cpp */ = {isa = PBXFileReference; lastKnownFileType = sourcecode.cpp.cpp; path = ofxBpm.cpp; sourceTree = "<group>"; };
		B4AE0DA71C7BB4D200EB2D59 /* ofxBpm.h */ = {isa = PBXFileReference; lastKnownFileType = sourcecode.c.h; path = ofxBpm.h; sourceTree = "<group>"; };
		E4328143138ABC890047C5CB /* openFrameworksLib.xcodeproj */ = {isa = PBXFileReference; lastKnownFileType = "wrapper.pb-project"; name = openFrameworksLib.xcodeproj; path = ../../../libs/openFrameworksCompiled/project/osx/openFrameworksLib.xcodeproj; sourceTree = SOURCE_ROOT; };
		E4B69B5B0A3A1756003C02F2 /* exampleDebug.app */ = {isa = PBXFileReference; explicitFileType = wrapper.application; includeInIndex = 0; path = exampleDebug.app; sourceTree = BUILT_PRODUCTS_DIR; };
		E4B69E1D0A3A1BDC003C02F2 /* main.cpp */ = {isa = PBXFileReference; fileEncoding = 30; lastKnownFileType = sourcecode.cpp.cpp; name = main.cpp; path = src/main.cpp; sourceTree = SOURCE_ROOT; };
		E4B69E1E0A3A1BDC003C02F2 /* ofApp.cpp */ = {isa = PBXFileReference; explicitFileType = sourcecode.cpp.cpp; fileEncoding = 30; name = ofApp.cpp; path = src/ofApp.cpp; sourceTree = SOURCE_ROOT; };
		E4B69E1F0A3A1BDC003C02F2 /* ofApp.h */ = {isa = PBXFileReference; fileEncoding = 30; lastKnownFileType = sourcecode.c.h; name = ofApp.h; path = src/ofApp.h; sourceTree = SOURCE_ROOT; };
		E4B6FCAD0C3E899E008CF71C /* openFrameworks-Info.plist */ = {isa = PBXFileReference; fileEncoding = 30; lastKnownFileType = text.plist.xml; path = "openFrameworks-Info.plist"; sourceTree = "<group>"; };
		E4EB691F138AFCF100A09F29 /* CoreOF.xcconfig */ = {isa = PBXFileReference; fileEncoding = 4; lastKnownFileType = text.xcconfig; name = CoreOF.xcconfig; path = ../../../libs/openFrameworksCompiled/project/osx/CoreOF.xcconfig; sourceTree = SOURCE_ROOT; };
		E4EB6923138AFD0F00A09F29 /* Project.xcconfig */ = {isa = PBXFileReference; fileEncoding = 4; lastKnownFileType = text.xcconfig; path = Project.xcconfig; sourceTree = "<group>"; };
/* End PBXFileReference section */

/* Begin PBXFrameworksBuildPhase section */
		E4B69B590A3A1756003C02F2 /* Frameworks */ = {
			isa = PBXFrameworksBuildPhase;
			buildActionMask = 2147483647;
			files = (
				B4AE0D861C7BB4CA00EB2D59 /* AudioUnit.framework in Frameworks */,
				B4AE0D3B1C7BB4C200EB2D59 /* CoreMIDI.framework in Frameworks */,
				B4AE0D851C7BB4CA00EB2D59 /* CoreAudioKit.framework in Frameworks */,
				B4AE0D841C7BB4CA00EB2D59 /* CoreMIDI.framework in Frameworks */,
				E4328149138ABC9F0047C5CB /* openFrameworksDebug.a in Frameworks */,
			);
			runOnlyForDeploymentPostprocessing = 0;
		};
/* End PBXFrameworksBuildPhase section */

/* Begin PBXGroup section */
		6948EE371B920CB800B5AC1A /* local_addons */ = {
			isa = PBXGroup;
			children = (
			);
			name = local_addons;
			sourceTree = "<group>";
		};
		B43B84301CD80D1F006623E9 /* ofxAudioUnitManager */ = {
			isa = PBXGroup;
			children = (
				B43B84311CD80D1F006623E9 /* src */,
			);
			name = ofxAudioUnitManager;
			sourceTree = "<group>";
		};
		B43B84311CD80D1F006623E9 /* src */ = {
			isa = PBXGroup;
			children = (
				B43B84321CD80D1F006623E9 /* AudioUnits */,
				B43B84391CD80D1F006623E9 /* Handlers */,
				B43B84401CD80D1F006623E9 /* ofxAudioUnitManager.cpp */,
				B43B84411CD80D1F006623E9 /* ofxAudioUnitManager.h */,
				B43B84421CD80D1F006623E9 /* ofxAudioUnitManagerUtils.cpp */,
				B43B84431CD80D1F006623E9 /* ofxAudioUnitManagerUtils.h */,
				B43B84441CD80D1F006623E9 /* Params */,
			);
			name = src;
			path = ../src;
			sourceTree = "<group>";
		};
		B43B84321CD80D1F006623E9 /* AudioUnits */ = {
			isa = PBXGroup;
			children = (
				B43B84331CD80D1F006623E9 /* ofxAudioUnitChain.cpp */,
				B43B84341CD80D1F006623E9 /* ofxAudioUnitChain.h */,
				B43B84351CD80D1F006623E9 /* ofxManagedAudioUnit.cpp */,
				B43B84361CD80D1F006623E9 /* ofxManagedAudioUnit.h */,
				B43B84371CD80D1F006623E9 /* ofxManagedAudioUnitMixer.cpp */,
				B43B84381CD80D1F006623E9 /* ofxManagedAudioUnitMixer.h */,
			);
			path = AudioUnits;
			sourceTree = "<group>";
		};
		B43B84391CD80D1F006623E9 /* Handlers */ = {
			isa = PBXGroup;
			children = (
				B43B843A1CD80D1F006623E9 /* MidiHandler.cpp */,
				B43B843B1CD80D1F006623E9 /* MidiHandler.h */,
				B43B843C1CD80D1F006623E9 /* PresetsHandler.cpp */,
				B43B843D1CD80D1F006623E9 /* PresetsHandler.h */,
				B43B843E1CD80D1F006623E9 /* UIHandler.cpp */,
				B43B843F1CD80D1F006623E9 /* UIHandler.h */,
			);
			path = Handlers;
			sourceTree = "<group>";
		};
		B43B84441CD80D1F006623E9 /* Params */ = {
			isa = PBXGroup;
			children = (
				B43B84451CD80D1F006623E9 /* Massive_Params.h */,
				B43B84461CD80D1F006623E9 /* ofxAudioUnitParams.h */,
				B43B84471CD80D1F006623E9 /* TALNoiseMaker_Params.h */,
			);
			path = Params;
			sourceTree = "<group>";
		};
		B4AE0D051C7BB4C200EB2D59 /* ofxMidi */ = {
			isa = PBXGroup;
			children = (
				B4AE0D061C7BB4C200EB2D59 /* src */,
				B4AE0D231C7BB4C200EB2D59 /* libs */,
				B4AE0D321C7BB4C200EB2D59 /* CoreMIDI.framework */,
			);
			name = ofxMidi;
			sourceTree = "<group>";
		};
		B4AE0D061C7BB4C200EB2D59 /* src */ = {
			isa = PBXGroup;
			children = (
				B4AE0D071C7BB4C200EB2D59 /* desktop */,
				B4AE0D171C7BB4C200EB2D59 /* ofxBaseMidi.cpp */,
				B4AE0D181C7BB4C200EB2D59 /* ofxBaseMidi.h */,
				B4AE0D191C7BB4C200EB2D59 /* ofxMidi.cpp */,
				B4AE0D1A1C7BB4C200EB2D59 /* ofxMidi.h */,
				B4AE0D1B1C7BB4C200EB2D59 /* ofxMidiConstants.h */,
				B4AE0D1C1C7BB4C200EB2D59 /* ofxMidiIn.cpp */,
				B4AE0D1D1C7BB4C200EB2D59 /* ofxMidiIn.h */,
				B4AE0D1E1C7BB4C200EB2D59 /* ofxMidiMessage.cpp */,
				B4AE0D1F1C7BB4C200EB2D59 /* ofxMidiMessage.h */,
				B4AE0D201C7BB4C200EB2D59 /* ofxMidiOut.cpp */,
				B4AE0D211C7BB4C200EB2D59 /* ofxMidiOut.h */,
				B4AE0D221C7BB4C200EB2D59 /* ofxMidiTypes.h */,
			);
			name = src;
			path = ../../ofxMidi/src;
			sourceTree = "<group>";
		};
		B4AE0D071C7BB4C200EB2D59 /* desktop */ = {
			isa = PBXGroup;
			children = (
				B4AE0D081C7BB4C200EB2D59 /* ofxRtMidiIn.cpp */,
				B4AE0D091C7BB4C200EB2D59 /* ofxRtMidiIn.h */,
				B4AE0D0A1C7BB4C200EB2D59 /* ofxRtMidiOut.cpp */,
				B4AE0D0B1C7BB4C200EB2D59 /* ofxRtMidiOut.h */,
			);
			path = desktop;
			sourceTree = "<group>";
		};
		B4AE0D231C7BB4C200EB2D59 /* libs */ = {
			isa = PBXGroup;
			children = (
				B4AE0D2E1C7BB4C200EB2D59 /* rtmidi */,
			);
			name = libs;
			path = ../../ofxMidi/libs;
			sourceTree = "<group>";
		};
		B4AE0D2E1C7BB4C200EB2D59 /* rtmidi */ = {
			isa = PBXGroup;
			children = (
				B4AE0D2F1C7BB4C200EB2D59 /* readme */,
				B4AE0D301C7BB4C200EB2D59 /* RtMidi.cpp */,
				B4AE0D311C7BB4C200EB2D59 /* RtMidi.h */,
			);
			path = rtmidi;
			sourceTree = "<group>";
		};
		B4AE0D3C1C7BB4CA00EB2D59 /* ofxAudioUnit */ = {
			isa = PBXGroup;
			children = (
				B4AE0D3D1C7BB4CA00EB2D59 /* src */,
				B4AE0D6C1C7BB4CA00EB2D59 /* CoreMIDI.framework */,
				B4AE0D6D1C7BB4CA00EB2D59 /* CoreAudioKit.framework */,
				B4AE0D6E1C7BB4CA00EB2D59 /* AudioUnit.framework */,
			);
			name = ofxAudioUnit;
			sourceTree = "<group>";
		};
		B4AE0D3D1C7BB4CA00EB2D59 /* src */ = {
			isa = PBXGroup;
			children = (
				B4AE0D3E1C7BB4CA00EB2D59 /* CAPublicUtility */,
				B4AE0D461C7BB4CA00EB2D59 /* ofxAudioUnit.cpp */,
				B4AE0D471C7BB4CA00EB2D59 /* ofxAudioUnit.h */,
				B4AE0D481C7BB4CA00EB2D59 /* ofxAudioUnitBase.h */,
				B4AE0D491C7BB4CA00EB2D59 /* ofxAudioUnitCocoaUtilties.mm */,
				B4AE0D4A1C7BB4CA00EB2D59 /* ofxAudioUnitDSPNode.cpp */,
				B4AE0D4B1C7BB4CA00EB2D59 /* ofxAudioUnitDSPNode.h */,
				B4AE0D4C1C7BB4CA00EB2D59 /* ofxAudioUnitFftNode.cpp */,
				B4AE0D4D1C7BB4CA00EB2D59 /* ofxAudioUnitFftNode.h */,
				B4AE0D4E1C7BB4CA00EB2D59 /* ofxAudioUnitFilePlayer.cpp */,
				B4AE0D4F1C7BB4CA00EB2D59 /* ofxAudioUnitFilePlayer.h */,
				B4AE0D501C7BB4CA00EB2D59 /* ofxAudioUnitHardwareUtils.cpp */,
				B4AE0D511C7BB4CA00EB2D59 /* ofxAudioUnitHardwareUtils.h */,
				B4AE0D521C7BB4CA00EB2D59 /* ofxAudioUnitInput.cpp */,
				B4AE0D531C7BB4CA00EB2D59 /* ofxAudioUnitInput.h */,
				B4AE0D541C7BB4CA00EB2D59 /* ofxAudioUnitMatrixMixer.cpp */,
				B4AE0D551C7BB4CA00EB2D59 /* ofxAudioUnitMatrixMixer.h */,
				B4AE0D561C7BB4CA00EB2D59 /* ofxAudioUnitMidi.cpp */,
				B4AE0D571C7BB4CA00EB2D59 /* ofxAudioUnitMidi.h */,
				B4AE0D581C7BB4CA00EB2D59 /* ofxAudioUnitMixer.cpp */,
				B4AE0D591C7BB4CA00EB2D59 /* ofxAudioUnitMixer.h */,
				B4AE0D5A1C7BB4CA00EB2D59 /* ofxAudioUnitNetReceive.cpp */,
				B4AE0D5B1C7BB4CA00EB2D59 /* ofxAudioUnitNetReceive.h */,
				B4AE0D5C1C7BB4CA00EB2D59 /* ofxAudioUnitNetSend.cpp */,
				B4AE0D5D1C7BB4CA00EB2D59 /* ofxAudioUnitNetSend.h */,
				B4AE0D5E1C7BB4CA00EB2D59 /* ofxAudioUnitOutput.cpp */,
				B4AE0D5F1C7BB4CA00EB2D59 /* ofxAudioUnitOutput.h */,
				B4AE0D601C7BB4CA00EB2D59 /* ofxAudioUnitRecorder.cpp */,
				B4AE0D611C7BB4CA00EB2D59 /* ofxAudioUnitRecorder.h */,
				B4AE0D621C7BB4CA00EB2D59 /* ofxAudioUnitSampler.cpp */,
				B4AE0D631C7BB4CA00EB2D59 /* ofxAudioUnitSampler.h */,
				B4AE0D641C7BB4CA00EB2D59 /* ofxAudioUnitSpeechSynth.cpp */,
				B4AE0D651C7BB4CA00EB2D59 /* ofxAudioUnitSpeechSynth.h */,
				B4AE0D661C7BB4CA00EB2D59 /* ofxAudioUnitTap.cpp */,
				B4AE0D671C7BB4CA00EB2D59 /* ofxAudioUnitTap.h */,
				B4AE0D681C7BB4CA00EB2D59 /* ofxAudioUnitUtils.h */,
				B4AE0D691C7BB4CA00EB2D59 /* TPCircularBuffer */,
			);
			name = src;
			path = ../../ofxAudioUnit/src;
			sourceTree = "<group>";
		};
		B4AE0D3E1C7BB4CA00EB2D59 /* CAPublicUtility */ = {
			isa = PBXGroup;
			children = (
				B4AE0D3F1C7BB4CA00EB2D59 /* AUParamInfo.cpp */,
				B4AE0D401C7BB4CA00EB2D59 /* AUParamInfo.h */,
				B4AE0D411C7BB4CA00EB2D59 /* CAAUParameter.cpp */,
				B4AE0D421C7BB4CA00EB2D59 /* CAAUParameter.h */,
				B4AE0D431C7BB4CA00EB2D59 /* CADebugMacros.cpp */,
				B4AE0D441C7BB4CA00EB2D59 /* CADebugMacros.h */,
				B4AE0D451C7BB4CA00EB2D59 /* CAXException.h */,
			);
			path = CAPublicUtility;
			sourceTree = "<group>";
		};
		B4AE0D691C7BB4CA00EB2D59 /* TPCircularBuffer */ = {
			isa = PBXGroup;
			children = (
				B4AE0D6A1C7BB4CA00EB2D59 /* TPCircularBuffer.c */,
				B4AE0D6B1C7BB4CA00EB2D59 /* TPCircularBuffer.h */,
			);
			path = TPCircularBuffer;
			sourceTree = "<group>";
		};
		B4AE0DA41C7BB4D200EB2D59 /* ofxBpm */ = {
			isa = PBXGroup;
			children = (
				B4AE0DA51C7BB4D200EB2D59 /* src */,
			);
			name = ofxBpm;
			sourceTree = "<group>";
		};
		B4AE0DA51C7BB4D200EB2D59 /* src */ = {
			isa = PBXGroup;
			children = (
				B4AE0DA61C7BB4D200EB2D59 /* ofxBpm.cpp */,
				B4AE0DA71C7BB4D200EB2D59 /* ofxBpm.h */,
			);
			name = src;
			path = ../../ofxBpm/src;
			sourceTree = "<group>";
		};
		BB4B014C10F69532006C3DED /* addons */ = {
			isa = PBXGroup;
			children = (
				B43B84301CD80D1F006623E9 /* ofxAudioUnitManager */,
				B4AE0DA41C7BB4D200EB2D59 /* ofxBpm */,
				B4AE0D3C1C7BB4CA00EB2D59 /* ofxAudioUnit */,
				B4AE0D051C7BB4C200EB2D59 /* ofxMidi */,
			);
			name = addons;
			sourceTree = "<group>";
		};
		E4328144138ABC890047C5CB /* Products */ = {
			isa = PBXGroup;
			children = (
				E4328148138ABC890047C5CB /* openFrameworksDebug.a */,
			);
			name = Products;
			sourceTree = "<group>";
		};
		E4B69B4A0A3A1720003C02F2 = {
			isa = PBXGroup;
			children = (
				E4B6FCAD0C3E899E008CF71C /* openFrameworks-Info.plist */,
				E4EB6923138AFD0F00A09F29 /* Project.xcconfig */,
				E4B69E1C0A3A1BDC003C02F2 /* src */,
				E4EEC9E9138DF44700A80321 /* openFrameworks */,
				BB4B014C10F69532006C3DED /* addons */,
				6948EE371B920CB800B5AC1A /* local_addons */,
				E4B69B5B0A3A1756003C02F2 /* exampleDebug.app */,
			);
			sourceTree = "<group>";
		};
		E4B69E1C0A3A1BDC003C02F2 /* src */ = {
			isa = PBXGroup;
			children = (
				E4B69E1D0A3A1BDC003C02F2 /* main.cpp */,
				E4B69E1E0A3A1BDC003C02F2 /* ofApp.cpp */,
				E4B69E1F0A3A1BDC003C02F2 /* ofApp.h */,
			);
			path = src;
			sourceTree = SOURCE_ROOT;
		};
		E4EEC9E9138DF44700A80321 /* openFrameworks */ = {
			isa = PBXGroup;
			children = (
				E4EB691F138AFCF100A09F29 /* CoreOF.xcconfig */,
				E4328143138ABC890047C5CB /* openFrameworksLib.xcodeproj */,
			);
			name = openFrameworks;
			sourceTree = "<group>";
		};
/* End PBXGroup section */

/* Begin PBXNativeTarget section */
		E4B69B5A0A3A1756003C02F2 /* example */ = {
			isa = PBXNativeTarget;
			buildConfigurationList = E4B69B5F0A3A1757003C02F2 /* Build configuration list for PBXNativeTarget "example" */;
			buildPhases = (
				E4B69B580A3A1756003C02F2 /* Sources */,
				E4B69B590A3A1756003C02F2 /* Frameworks */,
				E4B6FFFD0C3F9AB9008CF71C /* ShellScript */,
				E4C2427710CC5ABF004149E2 /* CopyFiles */,
				8466F1851C04CA0E00918B1C /* ShellScript */,
			);
			buildRules = (
			);
			dependencies = (
				E4EEB9AC138B136A00A80321 /* PBXTargetDependency */,
			);
			name = example;
			productName = myOFApp;
			productReference = E4B69B5B0A3A1756003C02F2 /* exampleDebug.app */;
			productType = "com.apple.product-type.application";
		};
/* End PBXNativeTarget section */

/* Begin PBXProject section */
		E4B69B4C0A3A1720003C02F2 /* Project object */ = {
			isa = PBXProject;
			attributes = {
				LastUpgradeCheck = 0600;
			};
			buildConfigurationList = E4B69B4D0A3A1720003C02F2 /* Build configuration list for PBXProject "example" */;
			compatibilityVersion = "Xcode 3.2";
			developmentRegion = English;
			hasScannedForEncodings = 0;
			knownRegions = (
				English,
				Japanese,
				French,
				German,
			);
			mainGroup = E4B69B4A0A3A1720003C02F2;
			productRefGroup = E4B69B4A0A3A1720003C02F2;
			projectDirPath = "";
			projectReferences = (
				{
					ProductGroup = E4328144138ABC890047C5CB /* Products */;
					ProjectRef = E4328143138ABC890047C5CB /* openFrameworksLib.xcodeproj */;
				},
			);
			projectRoot = "";
			targets = (
				E4B69B5A0A3A1756003C02F2 /* example */,
			);
		};
/* End PBXProject section */

/* Begin PBXReferenceProxy section */
		E4328148138ABC890047C5CB /* openFrameworksDebug.a */ = {
			isa = PBXReferenceProxy;
			fileType = archive.ar;
			path = openFrameworksDebug.a;
			remoteRef = E4328147138ABC890047C5CB /* PBXContainerItemProxy */;
			sourceTree = BUILT_PRODUCTS_DIR;
		};
/* End PBXReferenceProxy section */

/* Begin PBXShellScriptBuildPhase section */
		8466F1851C04CA0E00918B1C /* ShellScript */ = {
			isa = PBXShellScriptBuildPhase;
			buildActionMask = 12;
			files = (
			);
			inputPaths = (
			);
			outputPaths = (
			);
			runOnlyForDeploymentPostprocessing = 0;
			shellPath = /bin/sh;
			shellScript = "# ---- Code Sign App Package ----\n \n# WARNING: You may have to run Clean in Xcode after changing CODE_SIGN_IDENTITY!\n\n# Verify that $CODE_SIGN_IDENTITY is set\nif [ -z \"${CODE_SIGN_IDENTITY}\" ] ; then\necho \"CODE_SIGN_IDENTITY needs to be set for framework code-signing\"\nexit 0\nfi\n\nif [ -z \"${CODE_SIGN_ENTITLEMENTS}\" ] ; then\necho \"CODE_SIGN_ENTITLEMENTS needs to be set for framework code-signing!\"\n\nif [ \"${CONFIGURATION}\" = \"Release\" ] ; then\nexit 1\nelse\n# Code-signing is optional for non-release builds.\nexit 0\nfi\nfi\n\nITEMS=\"\"\n\nFRAMEWORKS_DIR=\"${TARGET_BUILD_DIR}/${FRAMEWORKS_FOLDER_PATH}\"\necho \"$FRAMEWORKS_DIR\"\nif [ -d \"$FRAMEWORKS_DIR\" ] ; then\nFRAMEWORKS=$(find \"${FRAMEWORKS_DIR}\" -depth -type d -name \"*.framework\" -or -name \"*.dylib\" -or -name \"*.bundle\" | sed -e \"s/\\(.*framework\\)/\\1\\/Versions\\/A\\//\")\nRESULT=$?\nif [[ $RESULT != 0 ]] ; then\nexit 1\nfi\n\nITEMS=\"${FRAMEWORKS}\"\nfi\n\nLOGINITEMS_DIR=\"${TARGET_BUILD_DIR}/${CONTENTS_FOLDER_PATH}/Library/LoginItems/\"\nif [ -d \"$LOGINITEMS_DIR\" ] ; then\nLOGINITEMS=$(find \"${LOGINITEMS_DIR}\" -depth -type d -name \"*.app\")\nRESULT=$?\nif [[ $RESULT != 0 ]] ; then\nexit 1\nfi\n\nITEMS=\"${ITEMS}\"$'\\n'\"${LOGINITEMS}\"\nfi\n\n# Prefer the expanded name, if available.\nCODE_SIGN_IDENTITY_FOR_ITEMS=\"${EXPANDED_CODE_SIGN_IDENTITY_NAME}\"\nif [ \"${CODE_SIGN_IDENTITY_FOR_ITEMS}\" = \"\" ] ; then\n# Fall back to old behavior.\nCODE_SIGN_IDENTITY_FOR_ITEMS=\"${CODE_SIGN_IDENTITY}\"\nfi\n\necho \"Identity:\"\necho \"${CODE_SIGN_IDENTITY_FOR_ITEMS}\"\n\necho \"Entitlements:\"\necho \"${CODE_SIGN_ENTITLEMENTS}\"\n\necho \"Found:\"\necho \"${ITEMS}\"\n\n# Change the Internal Field Separator (IFS) so that spaces in paths will not cause problems below.\nSAVED_IFS=$IFS\nIFS=$(echo -en \"\\n\\b\")\n\n# Loop through all items.\nfor ITEM in $ITEMS;\ndo\necho \"Signing '${ITEM}'\"\ncodesign --force --verbose --sign \"${CODE_SIGN_IDENTITY_FOR_ITEMS}\" --entitlements \"${CODE_SIGN_ENTITLEMENTS}\" \"${ITEM}\"\nRESULT=$?\nif [[ $RESULT != 0 ]] ; then\necho \"Failed to sign '${ITEM}'.\"\nIFS=$SAVED_IFS\nexit 1\nfi\ndone\n\n# Restore $IFS.\nIFS=$SAVED_IFS\n";
		};
		E4B6FFFD0C3F9AB9008CF71C /* ShellScript */ = {
			isa = PBXShellScriptBuildPhase;
			buildActionMask = 2147483647;
			files = (
			);
			inputPaths = (
			);
			outputPaths = (
			);
			runOnlyForDeploymentPostprocessing = 0;
			shellPath = /bin/sh;
			shellScript = "mkdir -p \"$TARGET_BUILD_DIR/$PRODUCT_NAME.app/Contents/Resources/\"\n# Copy default icon file into App/Resources\nrsync -aved \"$ICON_FILE\" \"$TARGET_BUILD_DIR/$PRODUCT_NAME.app/Contents/Resources/\"\n# Copy bin/data into App/Resources\nrsync -avz --exclude='.DS_Store' \"${SRCROOT}/bin/data/\" \"${TARGET_BUILD_DIR}/${UNLOCALIZED_RESOURCES_FOLDER_PATH}/data/\"\n# Copy libfmod and change install directory for fmod to run\nrsync -aved ../../../libs/fmodex/lib/osx/libfmodex.dylib \"$TARGET_BUILD_DIR/$PRODUCT_NAME.app/Contents/Frameworks/\";\ninstall_name_tool -change @executable_path/libfmodex.dylib @executable_path/../Frameworks/libfmodex.dylib \"$TARGET_BUILD_DIR/$PRODUCT_NAME.app/Contents/MacOS/$PRODUCT_NAME\";\n# Copy GLUT framework (must remove for AppStore submissions)\nrsync -aved ../../../libs/glut/lib/osx/GLUT.framework \"$TARGET_BUILD_DIR/$PRODUCT_NAME.app/Contents/Frameworks/\"\n";
		};
/* End PBXShellScriptBuildPhase section */

/* Begin PBXSourcesBuildPhase section */
		E4B69B580A3A1756003C02F2 /* Sources */ = {
			isa = PBXSourcesBuildPhase;
			buildActionMask = 2147483647;
			files = (
				B4AE0D821C7BB4CA00EB2D59 /* ofxAudioUnitTap.cpp in Sources */,
				B4AE0D721C7BB4CA00EB2D59 /* ofxAudioUnit.cpp in Sources */,
				B4AE0D381C7BB4C200EB2D59 /* ofxMidiMessage.cpp in Sources */,
				B4AE0D701C7BB4CA00EB2D59 /* CAAUParameter.cpp in Sources */,
				B43B844D1CD80D1F006623E9 /* UIHandler.cpp in Sources */,
				B4AE0D801C7BB4CA00EB2D59 /* ofxAudioUnitSampler.cpp in Sources */,
				B4AE0D361C7BB4C200EB2D59 /* ofxMidi.cpp in Sources */,
				B4AE0DA81C7BB4D200EB2D59 /* ofxBpm.cpp in Sources */,
				B43B84481CD80D1F006623E9 /* ofxAudioUnitChain.cpp in Sources */,
				B4AE0D7D1C7BB4CA00EB2D59 /* ofxAudioUnitNetSend.cpp in Sources */,
				B4AE0D811C7BB4CA00EB2D59 /* ofxAudioUnitSpeechSynth.cpp in Sources */,
				B4AE0D7C1C7BB4CA00EB2D59 /* ofxAudioUnitNetReceive.cpp in Sources */,
				B4AE0D741C7BB4CA00EB2D59 /* ofxAudioUnitDSPNode.cpp in Sources */,
				B43B844A1CD80D1F006623E9 /* ofxManagedAudioUnitMixer.cpp in Sources */,
				E4B69E200A3A1BDC003C02F2 /* main.cpp in Sources */,
				B4AE0D391C7BB4C200EB2D59 /* ofxMidiOut.cpp in Sources */,
				B4AE0D731C7BB4CA00EB2D59 /* ofxAudioUnitCocoaUtilties.mm in Sources */,
				B43B844C1CD80D1F006623E9 /* PresetsHandler.cpp in Sources */,
				B4AE0D3A1C7BB4C200EB2D59 /* RtMidi.cpp in Sources */,
				B4AE0D781C7BB4CA00EB2D59 /* ofxAudioUnitInput.cpp in Sources */,
				B4AE0D831C7BB4CA00EB2D59 /* TPCircularBuffer.c in Sources */,
				E4B69E210A3A1BDC003C02F2 /* ofApp.cpp in Sources */,
				B4AE0D791C7BB4CA00EB2D59 /* ofxAudioUnitMatrixMixer.cpp in Sources */,
				B43B844B1CD80D1F006623E9 /* MidiHandler.cpp in Sources */,
				B43B844F1CD80D1F006623E9 /* ofxAudioUnitManagerUtils.cpp in Sources */,
				B4AE0D711C7BB4CA00EB2D59 /* CADebugMacros.cpp in Sources */,
				B4AE0D351C7BB4C200EB2D59 /* ofxBaseMidi.cpp in Sources */,
				B4AE0D371C7BB4C200EB2D59 /* ofxMidiIn.cpp in Sources */,
				B4AE0D7A1C7BB4CA00EB2D59 /* ofxAudioUnitMidi.cpp in Sources */,
				B4AE0D331C7BB4C200EB2D59 /* ofxRtMidiIn.cpp in Sources */,
				B4AE0D7E1C7BB4CA00EB2D59 /* ofxAudioUnitOutput.cpp in Sources */,
				B4AE0D7F1C7BB4CA00EB2D59 /* ofxAudioUnitRecorder.cpp in Sources */,
				B4AE0D6F1C7BB4CA00EB2D59 /* AUParamInfo.cpp in Sources */,
				B4AE0D771C7BB4CA00EB2D59 /* ofxAudioUnitHardwareUtils.cpp in Sources */,
				B4AE0D761C7BB4CA00EB2D59 /* ofxAudioUnitFilePlayer.cpp in Sources */,
				B43B84491CD80D1F006623E9 /* ofxManagedAudioUnit.cpp in Sources */,
				B43B844E1CD80D1F006623E9 /* ofxAudioUnitManager.cpp in Sources */,
				B4AE0D341C7BB4C200EB2D59 /* ofxRtMidiOut.cpp in Sources */,
				B4AE0D751C7BB4CA00EB2D59 /* ofxAudioUnitFftNode.cpp in Sources */,
				B4AE0D7B1C7BB4CA00EB2D59 /* ofxAudioUnitMixer.cpp in Sources */,
			);
			runOnlyForDeploymentPostprocessing = 0;
		};
/* End PBXSourcesBuildPhase section */

/* Begin PBXTargetDependency section */
		E4EEB9AC138B136A00A80321 /* PBXTargetDependency */ = {
			isa = PBXTargetDependency;
			name = openFrameworks;
			targetProxy = E4EEB9AB138B136A00A80321 /* PBXContainerItemProxy */;
		};
/* End PBXTargetDependency section */

/* Begin XCBuildConfiguration section */
		E4B69B4E0A3A1720003C02F2 /* Debug */ = {
			isa = XCBuildConfiguration;
			baseConfigurationReference = E4EB6923138AFD0F00A09F29 /* Project.xcconfig */;
			buildSettings = {
				CONFIGURATION_BUILD_DIR = "$(SRCROOT)/bin/";
				COPY_PHASE_STRIP = NO;
				DEAD_CODE_STRIPPING = YES;
				GCC_AUTO_VECTORIZATION = YES;
				GCC_ENABLE_SSE3_EXTENSIONS = YES;
				GCC_ENABLE_SUPPLEMENTAL_SSE3_INSTRUCTIONS = YES;
				GCC_INLINES_ARE_PRIVATE_EXTERN = NO;
				GCC_OPTIMIZATION_LEVEL = 0;
				GCC_SYMBOLS_PRIVATE_EXTERN = NO;
				GCC_WARN_ABOUT_DEPRECATED_FUNCTIONS = YES;
				GCC_WARN_ABOUT_INVALID_OFFSETOF_MACRO = NO;
				GCC_WARN_ALLOW_INCOMPLETE_PROTOCOL = NO;
				GCC_WARN_UNINITIALIZED_AUTOS = NO;
				GCC_WARN_UNUSED_VALUE = NO;
				GCC_WARN_UNUSED_VARIABLE = NO;
				MACOSX_DEPLOYMENT_TARGET = 10.8;
				ONLY_ACTIVE_ARCH = YES;
				OTHER_CPLUSPLUSFLAGS = (
					"-D__MACOSX_CORE__",
					"-mtune=native",
				);
				SDKROOT = macosx;
			};
			name = Debug;
		};
		E4B69B4F0A3A1720003C02F2 /* Release */ = {
			isa = XCBuildConfiguration;
			baseConfigurationReference = E4EB6923138AFD0F00A09F29 /* Project.xcconfig */;
			buildSettings = {
				CONFIGURATION_BUILD_DIR = "$(SRCROOT)/bin/";
				COPY_PHASE_STRIP = YES;
				DEAD_CODE_STRIPPING = YES;
				GCC_AUTO_VECTORIZATION = YES;
				GCC_ENABLE_SSE3_EXTENSIONS = YES;
				GCC_ENABLE_SUPPLEMENTAL_SSE3_INSTRUCTIONS = YES;
				GCC_INLINES_ARE_PRIVATE_EXTERN = NO;
				GCC_OPTIMIZATION_LEVEL = 3;
				GCC_SYMBOLS_PRIVATE_EXTERN = NO;
				GCC_UNROLL_LOOPS = YES;
				GCC_WARN_ABOUT_DEPRECATED_FUNCTIONS = YES;
				GCC_WARN_ABOUT_INVALID_OFFSETOF_MACRO = NO;
				GCC_WARN_ALLOW_INCOMPLETE_PROTOCOL = NO;
				GCC_WARN_UNINITIALIZED_AUTOS = NO;
				GCC_WARN_UNUSED_VALUE = NO;
				GCC_WARN_UNUSED_VARIABLE = NO;
				MACOSX_DEPLOYMENT_TARGET = 10.8;
				OTHER_CPLUSPLUSFLAGS = (
					"-D__MACOSX_CORE__",
					"-mtune=native",
				);
				SDKROOT = macosx;
			};
			name = Release;
		};
		E4B69B600A3A1757003C02F2 /* Debug */ = {
			isa = XCBuildConfiguration;
			baseConfigurationReference = E4EB6923138AFD0F00A09F29 /* Project.xcconfig */;
			buildSettings = {
				COMBINE_HIDPI_IMAGES = YES;
				COPY_PHASE_STRIP = NO;
				FRAMEWORK_SEARCH_PATHS = (
					"$(inherited)",
					"$(FRAMEWORK_SEARCH_PATHS_QUOTED_FOR_TARGET_1)",
				);
				FRAMEWORK_SEARCH_PATHS_QUOTED_FOR_TARGET_1 = "\"$(SRCROOT)/../../../libs/glut/lib/osx\"";
				GCC_DYNAMIC_NO_PIC = NO;
				GCC_GENERATE_DEBUGGING_SYMBOLS = YES;
				GCC_MODEL_TUNING = NONE;
				ICON = "$(ICON_NAME_DEBUG)";
				ICON_FILE = "$(ICON_FILE_PATH)$(ICON)";
				INFOPLIST_FILE = "openFrameworks-Info.plist";
				INSTALL_PATH = /Applications;
				LIBRARY_SEARCH_PATHS = "$(inherited)";
				PRODUCT_NAME = "$(TARGET_NAME)Debug";
				USER_HEADER_SEARCH_PATHS = "";
				WRAPPER_EXTENSION = app;
			};
			name = Debug;
		};
		E4B69B610A3A1757003C02F2 /* Release */ = {
			isa = XCBuildConfiguration;
			baseConfigurationReference = E4EB6923138AFD0F00A09F29 /* Project.xcconfig */;
			buildSettings = {
				COMBINE_HIDPI_IMAGES = YES;
				COPY_PHASE_STRIP = YES;
				FRAMEWORK_SEARCH_PATHS = (
					"$(inherited)",
					"$(FRAMEWORK_SEARCH_PATHS_QUOTED_FOR_TARGET_1)",
				);
				FRAMEWORK_SEARCH_PATHS_QUOTED_FOR_TARGET_1 = "\"$(SRCROOT)/../../../libs/glut/lib/osx\"";
				GCC_GENERATE_DEBUGGING_SYMBOLS = YES;
				GCC_MODEL_TUNING = NONE;
				ICON = "$(ICON_NAME_RELEASE)";
				ICON_FILE = "$(ICON_FILE_PATH)$(ICON)";
				INFOPLIST_FILE = "openFrameworks-Info.plist";
				INSTALL_PATH = /Applications;
				LIBRARY_SEARCH_PATHS = "$(inherited)";
				PRODUCT_NAME = "$(TARGET_NAME)";
				USER_HEADER_SEARCH_PATHS = "";
				WRAPPER_EXTENSION = app;
				baseConfigurationReference = E4EB6923138AFD0F00A09F29;
			};
			name = Release;
		};
/* End XCBuildConfiguration section */

/* Begin XCConfigurationList section */
		E4B69B4D0A3A1720003C02F2 /* Build configuration list for PBXProject "example" */ = {
			isa = XCConfigurationList;
			buildConfigurations = (
				E4B69B4E0A3A1720003C02F2 /* Debug */,
				E4B69B4F0A3A1720003C02F2 /* Release */,
			);
			defaultConfigurationIsVisible = 0;
			defaultConfigurationName = Release;
		};
		E4B69B5F0A3A1757003C02F2 /* Build configuration list for PBXNativeTarget "example" */ = {
			isa = XCConfigurationList;
			buildConfigurations = (
				E4B69B600A3A1757003C02F2 /* Debug */,
				E4B69B610A3A1757003C02F2 /* Release */,
			);
			defaultConfigurationIsVisible = 0;
			defaultConfigurationName = Release;
		};
/* End XCConfigurationList section */
	};
	rootObject = E4B69B4C0A3A1720003C02F2 /* Project object */;
}
